{
  "version": 1,
  "agents": {
    "general-legal-research": {
      "repo": "https://github.com/kipeum86/general-legal-research.git",
      "ref": "main",
      "commit": "92ec311c18c6bea1ef6f67175a43811e3a5a1b92"
    },
    "legal-writing-agent": {
      "repo": "https://github.com/kipeum86/legal-writing-agent.git",
      "ref": "main",
      "commit": "c3892ca513d105ea8a45e54ce340104e3abacbdf"
    },
    "second-review-agent": {
      "repo": "https://github.com/kipeum86/second-review-agent.git",
      "ref": "main",
      "commit": "4a8850304cee9b7ad4aaee1d4178dc00fee21986"
    },
    "GDPR-expert": {
      "repo": "https://github.com/kipeum86/GDPR-expert.git",
      "ref": "main",
      "commit": "d88e0d010409c9aa73c9851e028d38ce73da5b8b"
    },
    "PIPA-expert": {
      "repo": "https://github.com/kipeum86/PIPA-expert.git",
      "ref": "main",
      "commit": "943c3320da4c51f20c9948bda5907a4ca77ed927"
    },
    "game-legal-research": {
      "repo": "https://github.com/kipeum86/game-legal-research.git",
      "ref": "main",
      "commit": "a4bef9c55e268b5bd8ce1f70806576021ce8f0aa"
    },
    "contract-review-agent": {
      "repo": "https://github.com/kipeum86/contract-review-agent.git",
      "ref": "main",
      "commit": "92175666a068063baae64b943d1eeacf5bcdeb22"
    },
    "legal-translation-agent": {
      "repo": "https://github.com/kipeum86/legal-translation-agent.git",
      "ref": "main",
      "commit": "f224e099409a392651d0b247e50dc2e932900541"
    }
  }
}
